
Microsoft Visual Studio Solution File, Format Version 12.00
# Visual Studio Version 16
VisualStudioVersion = 16.0.32126.315
MinimumVisualStudioVersion = 10.0.40219.1
Project("{FAE04EC0-301F-11D3-BF4B-00C04F79EFBC}") = "Client", "Client.csproj", "{F7A13B75-2D83-4300-BE96-EBFDFBABA145}"
EndProject
Project("{FAE04EC0-301F-11D3-BF4B-00C04F79EFBC}") = "Server_Parallel", "Server_Parallel\Server_Parallel.csproj", "{7608FE8B-6049-4BDA-8CE9-A12A80A15581}"
EndProject
Global
	GlobalSection(SolutionConfigurationPlatforms) = preSolution
		Debug|Any CPU = Debug|Any CPU
		Debug|x64 = Debug|x64
		Debug|x86 = Debug|x86
		Release|Any CPU = Release|Any CPU
		Release|x64 = Release|x64
		Release|x86 = Release|x86
	EndGlobalSection
	GlobalSection(ProjectConfigurationPlatforms) = postSolution
		{F7A13B75-2D83-4300-BE96-EBFDFBABA145}.Debug|Any CPU.ActiveCfg = Debug|Any CPU
		{F7A13B75-2D83-4300-BE96-EBFDFBABA145}.Debug|Any CPU.Build.0 = Debug|Any CPU
		{F7A13B75-2D83-4300-BE96-EBFDFBABA145}.Debug|x64.ActiveCfg = Debug|Any CPU
		{F7A13B75-2D83-4300-BE96-EBFDFBABA145}.Debug|x64.Build.0 = Debug|Any CPU
		{F7A13B75-2D83-4300-BE96-EBFDFBABA145}.Debug|x86.ActiveCfg = Debug|Any CPU
		{F7A13B75-2D83-4300-BE96-EBFDFBABA145}.Debug|x86.Build.0 = Debug|Any CPU
		{F7A13B75-2D83-4300-BE96-EBFDFBABA145}.Release|Any CPU.ActiveCfg = Release|Any CPU
		{F7A13B75-2D83-4300-BE96-EBFDFBABA145}.Release|Any CPU.Build.0 = Release|Any CPU
		{F7A13B75-2D83-4300-BE96-EBFDFBABA145}.Release|x64.ActiveCfg = Release|Any CPU
		{F7A13B75-2D83-4300-BE96-EBFDFBABA145}.Release|x64.Build.0 = Release|Any CPU
		{F7A13B75-2D83-4300-BE96-EBFDFBABA145}.Release|x86.ActiveCfg = Release|Any CPU
		{F7A13B75-2D83-4300-BE96-EBFDFBABA145}.Release|x86.Build.0 = Release|Any CPU
		{7608FE8B-6049-4BDA-8CE9-A12A80A15581}.Debug|Any CPU.ActiveCfg = Debug|Any CPU
		{7608FE8B-6049-4BDA-8CE9-A12A80A15581}.Debug|Any CPU.Build.0 = Debug|Any CPU
		{7608FE8B-6049-4BDA-8CE9-A12A80A15581}.Debug|x64.ActiveCfg = Debug|Any CPU
		{7608FE8B-6049-4BDA-8CE9-A12A80A15581}.Debug|x64.Build.0 = Debug|Any CPU
		{7608FE8B-6049-4BDA-8CE9-A12A80A15581}.Debug|x86.ActiveCfg = Debug|Any CPU
		{7608FE8B-6049-4BDA-8CE9-A12A80A15581}.Debug|x86.Build.0 = Debug|Any CPU
		{7608FE8B-6049-4BDA-8CE9-A12A80A15581}.Release|Any CPU.ActiveCfg = Release|Any CPU
		{7608FE8B-6049-4BDA-8CE9-A12A80A15581}.Release|Any CPU.Build.0 = Release|Any CPU
		{7608FE8B-6049-4BDA-8CE9-A12A80A15581}.Release|x64.ActiveCfg = Release|Any CPU
		{7608FE8B-6049-4BDA-8CE9-A12A80A15581}.Release|x64.Build.0 = Release|Any CPU
		{7608FE8B-6049-4BDA-8CE9-A12A80A15581}.Release|x86.ActiveCfg = Release|Any CPU
		{7608FE8B-6049-4BDA-8CE9-A12A80A15581}.Release|x86.Build.0 = Release|Any CPU
	EndGlobalSection
	GlobalSection(SolutionProperties) = preSolution
		HideSolutionNode = FALSE
	EndGlobalSection
	GlobalSection(ExtensibilityGlobals) = postSolution
		SolutionGuid = {1BAAC3CA-E32F-4506-A9D3-3DEA72297573}
	EndGlobalSection
EndGlobal
